// !$*UTF8*$!
{
	archiveVersion = 1;
	classes = {
	};
	objectVersion = 46;
	objects = {

/* Begin PBXBuildFile section */
		905116D416F30DEF00C432BB /* UIKit.framework in Frameworks */ = {isa = PBXBuildFile; fileRef = 905116D316F30DEF00C432BB /* UIKit.framework */; };
		905116D616F30DEF00C432BB /* Foundation.framework in Frameworks */ = {isa = PBXBuildFile; fileRef = 905116D516F30DEF00C432BB /* Foundation.framework */; };
		905116D816F30DEF00C432BB /* CoreGraphics.framework in Frameworks */ = {isa = PBXBuildFile; fileRef = 905116D716F30DEF00C432BB /* CoreGraphics.framework */; };
		905116DE16F30DEF00C432BB /* InfoPlist.strings in Resources */ = {isa = PBXBuildFile; fileRef = 905116DC16F30DEF00C432BB /* InfoPlist.strings */; };
		905116E016F30DEF00C432BB /* main.m in Sources */ = {isa = PBXBuildFile; fileRef = 905116DF16F30DEF00C432BB /* main.m */; };
		905116E416F30DEF00C432BB /* StanfordTourAppDelegate.m in Sources */ = {isa = PBXBuildFile; fileRef = 905116E316F30DEF00C432BB /* StanfordTourAppDelegate.m */; };
		905116E616F30DEF00C432BB /* Default.png in Resources */ = {isa = PBXBuildFile; fileRef = 905116E516F30DEF00C432BB /* Default.png */; };
		905116E816F30DEF00C432BB /* Default@2x.png in Resources */ = {isa = PBXBuildFile; fileRef = 905116E716F30DEF00C432BB /* Default@2x.png */; };
		905116EA16F30DEF00C432BB /* Default-568h@2x.png in Resources */ = {isa = PBXBuildFile; fileRef = 905116E916F30DEF00C432BB /* Default-568h@2x.png */; };
		905116ED16F30DEF00C432BB /* iPhone.storyboard in Resources */ = {isa = PBXBuildFile; fileRef = 905116EB16F30DEF00C432BB /* iPhone.storyboard */; };
		905116F016F30DEF00C432BB /* iPad.storyboard in Resources */ = {isa = PBXBuildFile; fileRef = 905116EE16F30DEF00C432BB /* iPad.storyboard */; };
		905116F316F30DEF00C432BB /* StanfordTourViewController.m in Sources */ = {isa = PBXBuildFile; fileRef = 905116F216F30DEF00C432BB /* StanfordTourViewController.m */; };
		9051170616F3B6D900C432BB /* ImageViewController.m in Sources */ = {isa = PBXBuildFile; fileRef = 9051170516F3B6D900C432BB /* ImageViewController.m */; };
		9051170916F3B9B700C432BB /* StanfordTourPhotosViewController.m in Sources */ = {isa = PBXBuildFile; fileRef = 9051170816F3B9B700C432BB /* StanfordTourPhotosViewController.m */; };
		9051170C16F3BE7400C432BB /* FlickrPhotoTVC.m in Sources */ = {isa = PBXBuildFile; fileRef = 9051170B16F3BE7400C432BB /* FlickrPhotoTVC.m */; };
		9051170F16F4E6B700C432BB /* StanfordTourRecentsViewController.m in Sources */ = {isa = PBXBuildFile; fileRef = 9051170E16F4E6B700C432BB /* StanfordTourRecentsViewController.m */; };
		909CB16F16FD7A8100427CE3 /* TourCategoryPhotos.m in Sources */ = {isa = PBXBuildFile; fileRef = 909CB16E16FD7A8100427CE3 /* TourCategoryPhotos.m */; };
		909CB17316FD7DEC00427CE3 /* FlickrFetcher.m in Sources */ = {isa = PBXBuildFile; fileRef = 909CB17216FD7DEC00427CE3 /* FlickrFetcher.m */; };
		90FEEF2E16FE3B3C00943EB9 /* Cache.m in Sources */ = {isa = PBXBuildFile; fileRef = 90FEEF2D16FE3B3C00943EB9 /* Cache.m */; };
/* End PBXBuildFile section */

/* Begin PBXFileReference section */
		905116D016F30DEF00C432BB /* StanfordTour.app */ = {isa = PBXFileReference; explicitFileType = wrapper.application; includeInIndex = 0; path = StanfordTour.app; sourceTree = BUILT_PRODUCTS_DIR; };
		905116D316F30DEF00C432BB /* UIKit.framework */ = {isa = PBXFileReference; lastKnownFileType = wrapper.framework; name = UIKit.framework; path = System/Library/Frameworks/UIKit.framework; sourceTree = SDKROOT; };
		905116D516F30DEF00C432BB /* Foundation.framework */ = {isa = PBXFileReference; lastKnownFileType = wrapper.framework; name = Foundation.framework; path = System/Library/Frameworks/Foundation.framework; sourceTree = SDKROOT; };
		905116D716F30DEF00C432BB /* CoreGraphics.framework */ = {isa = PBXFileReference; lastKnownFileType = wrapper.framework; name = CoreGraphics.framework; path = System/Library/Frameworks/CoreGraphics.framework; sourceTree = SDKROOT; };
		905116DB16F30DEF00C432BB /* StanfordTour-Info.plist */ = {isa = PBXFileReference; lastKnownFileType = text.plist.xml; path = "StanfordTour-Info.plist"; sourceTree = "<group>"; };
		905116DD16F30DEF00C432BB /* en */ = {isa = PBXFileReference; lastKnownFileType = text.plist.strings; name = en; path = en.lproj/InfoPlist.strings; sourceTree = "<group>"; };
		905116DF16F30DEF00C432BB /* main.m */ = {isa = PBXFileReference; lastKnownFileType = sourcecode.c.objc; path = main.m; sourceTree = "<group>"; };
		905116E116F30DEF00C432BB /* StanfordTour-Prefix.pch */ = {isa = PBXFileReference; lastKnownFileType = sourcecode.c.h; path = "StanfordTour-Prefix.pch"; sourceTree = "<group>"; };
		905116E216F30DEF00C432BB /* StanfordTourAppDelegate.h */ = {isa = PBXFileReference; lastKnownFileType = sourcecode.c.h; path = StanfordTourAppDelegate.h; sourceTree = "<group>"; };
		905116E316F30DEF00C432BB /* StanfordTourAppDelegate.m */ = {isa = PBXFileReference; lastKnownFileType = sourcecode.c.objc; path = StanfordTourAppDelegate.m; sourceTree = "<group>"; };
		905116E516F30DEF00C432BB /* Default.png */ = {isa = PBXFileReference; lastKnownFileType = image.png; path = Default.png; sourceTree = "<group>"; };
		905116E716F30DEF00C432BB /* Default@2x.png */ = {isa = PBXFileReference; lastKnownFileType = image.png; path = "Default@2x.png"; sourceTree = "<group>"; };
		905116E916F30DEF00C432BB /* Default-568h@2x.png */ = {isa = PBXFileReference; lastKnownFileType = image.png; path = "Default-568h@2x.png"; sourceTree = "<group>"; };
		905116EC16F30DEF00C432BB /* en */ = {isa = PBXFileReference; lastKnownFileType = file.storyboard; name = en; path = en.lproj/iPhone.storyboard; sourceTree = "<group>"; };
		905116EF16F30DEF00C432BB /* en */ = {isa = PBXFileReference; lastKnownFileType = file.storyboard; name = en; path = en.lproj/iPad.storyboard; sourceTree = "<group>"; };
		905116F116F30DEF00C432BB /* StanfordTourViewController.h */ = {isa = PBXFileReference; lastKnownFileType = sourcecode.c.h; path = StanfordTourViewController.h; sourceTree = "<group>"; };
		905116F216F30DEF00C432BB /* StanfordTourViewController.m */ = {isa = PBXFileReference; lastKnownFileType = sourcecode.c.objc; path = StanfordTourViewController.m; sourceTree = "<group>"; };
		9051170416F3B6D900C432BB /* ImageViewController.h */ = {isa = PBXFileReference; fileEncoding = 4; lastKnownFileType = sourcecode.c.h; path = ImageViewController.h; sourceTree = "<group>"; };
		9051170516F3B6D900C432BB /* ImageViewController.m */ = {isa = PBXFileReference; fileEncoding = 4; lastKnownFileType = sourcecode.c.objc; path = ImageViewController.m; sourceTree = "<group>"; };
		9051170716F3B9B700C432BB /* StanfordTourPhotosViewController.h */ = {isa = PBXFileReference; fileEncoding = 4; lastKnownFileType = sourcecode.c.h; path = StanfordTourPhotosViewController.h; sourceTree = "<group>"; };
		9051170816F3B9B700C432BB /* StanfordTourPhotosViewController.m */ = {isa = PBXFileReference; fileEncoding = 4; lastKnownFileType = sourcecode.c.objc; path = StanfordTourPhotosViewController.m; sourceTree = "<group>"; };
		9051170A16F3BE7400C432BB /* FlickrPhotoTVC.h */ = {isa = PBXFileReference; fileEncoding = 4; lastKnownFileType = sourcecode.c.h; path = FlickrPhotoTVC.h; sourceTree = "<group>"; };
		9051170B16F3BE7400C432BB /* FlickrPhotoTVC.m */ = {isa = PBXFileReference; fileEncoding = 4; lastKnownFileType = sourcecode.c.objc; path = FlickrPhotoTVC.m; sourceTree = "<group>"; };
		9051170D16F4E6B700C432BB /* StanfordTourRecentsViewController.h */ = {isa = PBXFileReference; fileEncoding = 4; lastKnownFileType = sourcecode.c.h; path = StanfordTourRecentsViewController.h; sourceTree = SOURCE_ROOT; };
		9051170E16F4E6B700C432BB /* StanfordTourRecentsViewController.m */ = {isa = PBXFileReference; fileEncoding = 4; lastKnownFileType = sourcecode.c.objc; path = StanfordTourRecentsViewController.m; sourceTree = SOURCE_ROOT; };
		909CB16D16FD7A8100427CE3 /* TourCategoryPhotos.h */ = {isa = PBXFileReference; fileEncoding = 4; lastKnownFileType = sourcecode.c.h; path = TourCategoryPhotos.h; sourceTree = "<group>"; };
		909CB16E16FD7A8100427CE3 /* TourCategoryPhotos.m */ = {isa = PBXFileReference; fileEncoding = 4; lastKnownFileType = sourcecode.c.objc; path = TourCategoryPhotos.m; sourceTree = "<group>"; };
		909CB17016FD7DEC00427CE3 /* FlickrAPIKey.h */ = {isa = PBXFileReference; fileEncoding = 4; lastKnownFileType = sourcecode.c.h; name = FlickrAPIKey.h; path = StanfordTour/FlickrAPIKey.h; sourceTree = SOURCE_ROOT; };
		909CB17116FD7DEC00427CE3 /* FlickrFetcher.h */ = {isa = PBXFileReference; fileEncoding = 4; lastKnownFileType = sourcecode.c.h; name = FlickrFetcher.h; path = StanfordTour/FlickrFetcher.h; sourceTree = SOURCE_ROOT; };
		909CB17216FD7DEC00427CE3 /* FlickrFetcher.m */ = {isa = PBXFileReference; fileEncoding = 4; lastKnownFileType = sourcecode.c.objc; name = FlickrFetcher.m; path = StanfordTour/FlickrFetcher.m; sourceTree = SOURCE_ROOT; };
		90FEEF2C16FE3B3C00943EB9 /* Cache.h */ = {isa = PBXFileReference; fileEncoding = 4; lastKnownFileType = sourcecode.c.h; path = Cache.h; sourceTree = "<group>"; };
		90FEEF2D16FE3B3C00943EB9 /* Cache.m */ = {isa = PBXFileReference; fileEncoding = 4; lastKnownFileType = sourcecode.c.objc; path = Cache.m; sourceTree = "<group>"; };
/* End PBXFileReference section */

/* Begin PBXFrameworksBuildPhase section */
		905116CD16F30DEF00C432BB /* Frameworks */ = {
			isa = PBXFrameworksBuildPhase;
			buildActionMask = 2147483647;
			files = (
				905116D416F30DEF00C432BB /* UIKit.framework in Frameworks */,
				905116D616F30DEF00C432BB /* Foundation.framework in Frameworks */,
				905116D816F30DEF00C432BB /* CoreGraphics.framework in Frameworks */,
			);
			runOnlyForDeploymentPostprocessing = 0;
		};
/* End PBXFrameworksBuildPhase section */

/* Begin PBXGroup section */
		905116C716F30DEF00C432BB = {
			isa = PBXGroup;
			children = (
				905116F916F30E2C00C432BB /* FlickrFetcher */,
				905116D916F30DEF00C432BB /* StanfordTour */,
				905116D216F30DEF00C432BB /* Frameworks */,
				905116D116F30DEF00C432BB /* Products */,
			);
			sourceTree = "<group>";
		};
		905116D116F30DEF00C432BB /* Products */ = {
			isa = PBXGroup;
			children = (
				905116D016F30DEF00C432BB /* StanfordTour.app */,
			);
			name = Products;
			sourceTree = "<group>";
		};
		905116D216F30DEF00C432BB /* Frameworks */ = {
			isa = PBXGroup;
			children = (
				905116D316F30DEF00C432BB /* UIKit.framework */,
				905116D516F30DEF00C432BB /* Foundation.framework */,
				905116D716F30DEF00C432BB /* CoreGraphics.framework */,
			);
			name = Frameworks;
			sourceTree = "<group>";
		};
		905116D916F30DEF00C432BB /* StanfordTour */ = {
			isa = PBXGroup;
			children = (
				909CB16D16FD7A8100427CE3 /* TourCategoryPhotos.h */,
				909CB16E16FD7A8100427CE3 /* TourCategoryPhotos.m */,
				9051170A16F3BE7400C432BB /* FlickrPhotoTVC.h */,
				9051170B16F3BE7400C432BB /* FlickrPhotoTVC.m */,
				9051170416F3B6D900C432BB /* ImageViewController.h */,
				9051170516F3B6D900C432BB /* ImageViewController.m */,
				905116E216F30DEF00C432BB /* StanfordTourAppDelegate.h */,
				905116E316F30DEF00C432BB /* StanfordTourAppDelegate.m */,
				905116EB16F30DEF00C432BB /* iPhone.storyboard */,
				905116EE16F30DEF00C432BB /* iPad.storyboard */,
				905116F116F30DEF00C432BB /* StanfordTourViewController.h */,
				905116F216F30DEF00C432BB /* StanfordTourViewController.m */,
				9051170716F3B9B700C432BB /* StanfordTourPhotosViewController.h */,
				9051170816F3B9B700C432BB /* StanfordTourPhotosViewController.m */,
				9051170D16F4E6B700C432BB /* StanfordTourRecentsViewController.h */,
				9051170E16F4E6B700C432BB /* StanfordTourRecentsViewController.m */,
				90FEEF2C16FE3B3C00943EB9 /* Cache.h */,
				90FEEF2D16FE3B3C00943EB9 /* Cache.m */,
				905116DA16F30DEF00C432BB /* Supporting Files */,
			);
			path = StanfordTour;
			sourceTree = "<group>";
		};
		905116DA16F30DEF00C432BB /* Supporting Files */ = {
			isa = PBXGroup;
			children = (
				905116DB16F30DEF00C432BB /* StanfordTour-Info.plist */,
				905116DC16F30DEF00C432BB /* InfoPlist.strings */,
				905116DF16F30DEF00C432BB /* main.m */,
				905116E116F30DEF00C432BB /* StanfordTour-Prefix.pch */,
				905116E516F30DEF00C432BB /* Default.png */,
				905116E716F30DEF00C432BB /* Default@2x.png */,
				905116E916F30DEF00C432BB /* Default-568h@2x.png */,
			);
			name = "Supporting Files";
			sourceTree = "<group>";
		};
		905116F916F30E2C00C432BB /* FlickrFetcher */ = {
			isa = PBXGroup;
			children = (
				909CB17016FD7DEC00427CE3 /* FlickrAPIKey.h */,
				909CB17116FD7DEC00427CE3 /* FlickrFetcher.h */,
				909CB17216FD7DEC00427CE3 /* FlickrFetcher.m */,
			);
			name = FlickrFetcher;
			path = ../Shutterbug/FlickrFetcher;
			sourceTree = "<group>";
		};
/* End PBXGroup section */

/* Begin PBXNativeTarget section */
		905116CF16F30DEF00C432BB /* StanfordTour */ = {
			isa = PBXNativeTarget;
			buildConfigurationList = 905116F616F30DEF00C432BB /* Build configuration list for PBXNativeTarget "StanfordTour" */;
			buildPhases = (
				905116CC16F30DEF00C432BB /* Sources */,
				905116CD16F30DEF00C432BB /* Frameworks */,
				905116CE16F30DEF00C432BB /* Resources */,
			);
			buildRules = (
			);
			dependencies = (
			);
			name = StanfordTour;
			productName = StanfordTour;
			productReference = 905116D016F30DEF00C432BB /* StanfordTour.app */;
			productType = "com.apple.product-type.application";
		};
/* End PBXNativeTarget section */

/* Begin PBXProject section */
		905116C816F30DEF00C432BB /* Project object */ = {
			isa = PBXProject;
			attributes = {
				CLASSPREFIX = StanfordTour;
				LastUpgradeCheck = 0460;
				ORGANIZATIONNAME = "Eugene Chuvyrov";
			};
			buildConfigurationList = 905116CB16F30DEF00C432BB /* Build configuration list for PBXProject "StanfordTour" */;
			compatibilityVersion = "Xcode 3.2";
			developmentRegion = English;
			hasScannedForEncodings = 0;
			knownRegions = (
				en,
			);
			mainGroup = 905116C716F30DEF00C432BB;
			productRefGroup = 905116D116F30DEF00C432BB /* Products */;
			projectDirPath = "";
			projectRoot = "";
			targets = (
				905116CF16F30DEF00C432BB /* StanfordTour */,
			);
		};
/* End PBXProject section */

/* Begin PBXResourcesBuildPhase section */
		905116CE16F30DEF00C432BB /* Resources */ = {
			isa = PBXResourcesBuildPhase;
			buildActionMask = 2147483647;
			files = (
				905116DE16F30DEF00C432BB /* InfoPlist.strings in Resources */,
				905116E616F30DEF00C432BB /* Default.png in Resources */,
				905116E816F30DEF00C432BB /* Default@2x.png in Resources */,
				905116EA16F30DEF00C432BB /* Default-568h@2x.png in Resources */,
				905116ED16F30DEF00C432BB /* iPhone.storyboard in Resources */,
				905116F016F30DEF00C432BB /* iPad.storyboard in Resources */,
			);
			runOnlyForDeploymentPostprocessing = 0;
		};
/* End PBXResourcesBuildPhase section */

/* Begin PBXSourcesBuildPhase section */
		905116CC16F30DEF00C432BB /* Sources */ = {
			isa = PBXSourcesBuildPhase;
			buildActionMask = 2147483647;
			files = (
				905116E016F30DEF00C432BB /* main.m in Sources */,
				905116E416F30DEF00C432BB /* StanfordTourAppDelegate.m in Sources */,
				905116F316F30DEF00C432BB /* StanfordTourViewController.m in Sources */,
				9051170616F3B6D900C432BB /* ImageViewController.m in Sources */,
				9051170916F3B9B700C432BB /* StanfordTourPhotosViewController.m in Sources */,
				9051170C16F3BE7400C432BB /* FlickrPhotoTVC.m in Sources */,
				9051170F16F4E6B700C432BB /* StanfordTourRecentsViewController.m in Sources */,
				909CB16F16FD7A8100427CE3 /* TourCategoryPhotos.m in Sources */,
				909CB17316FD7DEC00427CE3 /* FlickrFetcher.m in Sources */,
				90FEEF2E16FE3B3C00943EB9 /* Cache.m in Sources */,
			);
			runOnlyForDeploymentPostprocessing = 0;
		};
/* End PBXSourcesBuildPhase section */

/* Begin PBXVariantGroup section */
		905116DC16F30DEF00C432BB /* InfoPlist.strings */ = {
			isa = PBXVariantGroup;
			children = (
				905116DD16F30DEF00C432BB /* en */,
			);
			name = InfoPlist.strings;
			sourceTree = "<group>";
		};
		905116EB16F30DEF00C432BB /* iPhone.storyboard */ = {
			isa = PBXVariantGroup;
			children = (
				905116EC16F30DEF00C432BB /* en */,
			);
			name = iPhone.storyboard;
			sourceTree = "<group>";
		};
		905116EE16F30DEF00C432BB /* iPad.storyboard */ = {
			isa = PBXVariantGroup;
			children = (
				905116EF16F30DEF00C432BB /* en */,
			);
			name = iPad.storyboard;
			sourceTree = "<group>";
		};
/* End PBXVariantGroup section */

/* Begin XCBuildConfiguration section */
		905116F416F30DEF00C432BB /* Debug */ = {
			isa = XCBuildConfiguration;
			buildSettings = {
				ALWAYS_SEARCH_USER_PATHS = NO;
				CLANG_CXX_LANGUAGE_STANDARD = "gnu++0x";
				CLANG_CXX_LIBRARY = "libc++";
				CLANG_ENABLE_OBJC_ARC = YES;
				CLANG_WARN_CONSTANT_CONVERSION = YES;
				CLANG_WARN_EMPTY_BODY = YES;
				CLANG_WARN_ENUM_CONVERSION = YES;
				CLANG_WARN_INT_CONVERSION = YES;
				CLANG_WARN__DUPLICATE_METHOD_MATCH = YES;
				"CODE_SIGN_IDENTITY[sdk=iphoneos*]" = "iPhone Developer";
				COPY_PHASE_STRIP = NO;
				GCC_C_LANGUAGE_STANDARD = gnu99;
				GCC_DYNAMIC_NO_PIC = NO;
				GCC_OPTIMIZATION_LEVEL = 0;
				GCC_PREPROCESSOR_DEFINITIONS = (
					"DEBUG=1",
					"$(inherited)",
				);
				GCC_SYMBOLS_PRIVATE_EXTERN = NO;
				GCC_WARN_ABOUT_RETURN_TYPE = YES;
				GCC_WARN_UNINITIALIZED_AUTOS = YES;
				GCC_WARN_UNUSED_VARIABLE = YES;
				IPHONEOS_DEPLOYMENT_TARGET = 6.1;
				ONLY_ACTIVE_ARCH = YES;
				SDKROOT = iphoneos;
				TARGETED_DEVICE_FAMILY = "1,2";
			};
			name = Debug;
		};
		905116F516F30DEF00C432BB /* Release */ = {
			isa = XCBuildConfiguration;
			buildSettings = {
				ALWAYS_SEARCH_USER_PATHS = NO;
				CLANG_CXX_LANGUAGE_STANDARD = "gnu++0x";
				CLANG_CXX_LIBRARY = "libc++";
				CLANG_ENABLE_OBJC_ARC = YES;
				CLANG_WARN_CONSTANT_CONVERSION = YES;
				CLANG_WARN_EMPTY_BODY = YES;
				CLANG_WARN_ENUM_CONVERSION = YES;
				CLANG_WARN_INT_CONVERSION = YES;
				CLANG_WARN__DUPLICATE_METHOD_MATCH = YES;
				"CODE_SIGN_IDENTITY[sdk=iphoneos*]" = "iPhone Developer";
				COPY_PHASE_STRIP = YES;
				GCC_C_LANGUAGE_STANDARD = gnu99;
				GCC_WARN_ABOUT_RETURN_TYPE = YES;
				GCC_WARN_UNINITIALIZED_AUTOS = YES;
				GCC_WARN_UNUSED_VARIABLE = YES;
				IPHONEOS_DEPLOYMENT_TARGET = 6.1;
				OTHER_CFLAGS = "-DNS_BLOCK_ASSERTIONS=1";
				SDKROOT = iphoneos;
				TARGETED_DEVICE_FAMILY = "1,2";
				VALIDATE_PRODUCT = YES;
			};
			name = Release;
		};
		905116F716F30DEF00C432BB /* Debug */ = {
			isa = XCBuildConfiguration;
			buildSettings = {
				GCC_PRECOMPILE_PREFIX_HEADER = YES;
				GCC_PREFIX_HEADER = "StanfordTour/StanfordTour-Prefix.pch";
				INFOPLIST_FILE = "StanfordTour/StanfordTour-Info.plist";
				PRODUCT_NAME = "$(TARGET_NAME)";
				WRAPPER_EXTENSION = app;
			};
			name = Debug;
		};
		905116F816F30DEF00C432BB /* Release */ = {
			isa = XCBuildConfiguration;
			buildSettings = {
				GCC_PRECOMPILE_PREFIX_HEADER = YES;
				GCC_PREFIX_HEADER = "StanfordTour/StanfordTour-Prefix.pch";
				INFOPLIST_FILE = "StanfordTour/StanfordTour-Info.plist";
				PRODUCT_NAME = "$(TARGET_NAME)";
				WRAPPER_EXTENSION = app;
			};
			name = Release;
		};
/* End XCBuildConfiguration section */

/* Begin XCConfigurationList section */
		905116CB16F30DEF00C432BB /* Build configuration list for PBXProject "StanfordTour" */ = {
			isa = XCConfigurationList;
			buildConfigurations = (
				905116F416F30DEF00C432BB /* Debug */,
				905116F516F30DEF00C432BB /* Release */,
			);
			defaultConfigurationIsVisible = 0;
			defaultConfigurationName = Release;
		};
		905116F616F30DEF00C432BB /* Build configuration list for PBXNativeTarget "StanfordTour" */ = {
			isa = XCConfigurationList;
			buildConfigurations = (
				905116F716F30DEF00C432BB /* Debug */,
				905116F816F30DEF00C432BB /* Release */,
			);
			defaultConfigurationIsVisible = 0;
			defaultConfigurationName = Release;
		};
/* End XCConfigurationList section */
	};
	rootObject = 905116C816F30DEF00C432BB /* Project object */;
}
